
Microsoft Visual Studio Solution File, Format Version 12.00
# Visual Studio 15
VisualStudioVersion = 15.0.28307.705
MinimumVisualStudioVersion = 10.0.40219.1
Project("{FAE04EC0-301F-11D3-BF4B-00C04F79EFBC}") = "SoundMap", "SoundMap.csproj", "{F7FD0416-C7E1-4DB1-8382-79AA2AA93D23}"
EndProject
Global
	GlobalSection(SolutionConfigurationPlatforms) = preSolution
		Debug|Any CPU = Debug|Any CPU
		Release|Any CPU = Release|Any CPU
	EndGlobalSection
	GlobalSection(ProjectConfigurationPlatforms) = postSolution
		{F7FD0416-C7E1-4DB1-8382-79AA2AA93D23}.Debug|Any CPU.ActiveCfg = Debug|Any CPU
		{F7FD0416-C7E1-4DB1-8382-79AA2AA93D23}.Debug|Any CPU.Build.0 = Debug|Any CPU
		{F7FD0416-C7E1-4DB1-8382-79AA2AA93D23}.Release|Any CPU.ActiveCfg = Release|Any CPU
		{F7FD0416-C7E1-4DB1-8382-79AA2AA93D23}.Release|Any CPU.Build.0 = Release|Any CPU
	EndGlobalSection
	GlobalSection(SolutionProperties) = preSolution
		HideSolutionNode = FALSE
	EndGlobalSection
	GlobalSection(ExtensibilityGlobals) = postSolution
		SolutionGuid = {E4AE9AEF-E590-4F19-BF8C-159AA9FA80C6}
	EndGlobalSection
EndGlobal
